
Microsoft Visual Studio Solution File, Format Version 12.00
# Visual Studio Version 16
VisualStudioVersion = 16.0.33927.289
MinimumVisualStudioVersion = 10.0.40219.1
Project("{FAE04EC0-301F-11D3-BF4B-00C04F79EFBC}") = "CollegeBowl", "CollegeBowl\CollegeBowl.csproj", "{B47E0396-ECEC-42DC-AD40-72449165BEE5}"
EndProject
Global
	GlobalSection(SolutionConfigurationPlatforms) = preSolution
		Debug|Any CPU = Debug|Any CPU
		Release|Any CPU = Release|Any CPU
	EndGlobalSection
	GlobalSection(ProjectConfigurationPlatforms) = postSolution
		{B47E0396-ECEC-42DC-AD40-72449165BEE5}.Debug|Any CPU.ActiveCfg = Debug|Any CPU
		{B47E0396-ECEC-42DC-AD40-72449165BEE5}.Debug|Any CPU.Build.0 = Debug|Any CPU
		{B47E0396-ECEC-42DC-AD40-72449165BEE5}.Release|Any CPU.ActiveCfg = Release|Any CPU
		{B47E0396-ECEC-42DC-AD40-72449165BEE5}.Release|Any CPU.Build.0 = Release|Any CPU
	EndGlobalSection
	GlobalSection(SolutionProperties) = preSolution
		HideSolutionNode = FALSE
	EndGlobalSection
	GlobalSection(ExtensibilityGlobals) = postSolution
		SolutionGuid = {8544B73B-8B92-4A69-9DE6-56446BCA2E08}
	EndGlobalSection
EndGlobal
